
Microsoft Visual Studio Solution File, Format Version 12.00
# Visual Studio Version 16
VisualStudioVersion = 16.0.29418.71
MinimumVisualStudioVersion = 10.0.40219.1
Project("{FAE04EC0-301F-11D3-BF4B-00C04F79EFBC}") = "Buttons", "Buttons\Buttons.csproj", "{57C4C398-6D2F-484B-B878-28AE0645AED1}"
EndProject
Global
	GlobalSection(SolutionConfigurationPlatforms) = preSolution
		Debug|Any CPU = Debug|Any CPU
		Release|Any CPU = Release|Any CPU
	EndGlobalSection
	GlobalSection(ProjectConfigurationPlatforms) = postSolution
		{57C4C398-6D2F-484B-B878-28AE0645AED1}.Debug|Any CPU.ActiveCfg = Debug|Any CPU
		{57C4C398-6D2F-484B-B878-28AE0645AED1}.Debug|Any CPU.Build.0 = Debug|Any CPU
		{57C4C398-6D2F-484B-B878-28AE0645AED1}.Release|Any CPU.ActiveCfg = Release|Any CPU
		{57C4C398-6D2F-484B-B878-28AE0645AED1}.Release|Any CPU.Build.0 = Release|Any CPU
	EndGlobalSection
	GlobalSection(SolutionProperties) = preSolution
		HideSolutionNode = FALSE
	EndGlobalSection
	GlobalSection(ExtensibilityGlobals) = postSolution
		SolutionGuid = {E6E4D624-C56D-4DAE-B45F-1F28F2602577}
	EndGlobalSection
EndGlobal
